{
  "object": {
    "pins": [
      {
        "package": "Alamofire",
        "repositoryURL": "https://github.com/Alamofire/Alamofire.git",
        "state": {
          "branch": null,
          "revision": "f96b619bcb2383b43d898402283924b80e2c4bae",
          "version": "5.4.3"
        }
      },
      {
        "package": "OpenCombine",
        "repositoryURL": "https://github.com/OpenCombine/OpenCombine.git",
        "state": {
          "branch": null,
          "revision": "28993ae57de5a4ea7e164787636cafad442d568c",
          "version": "0.12.0"
        }
      },
      {
        "package": "swift-argument-parser",
        "repositoryURL": "https://github.com/apple/swift-argument-parser",
        "state": {
          "branch": null,
          "revision": "986d191f94cec88f6350056da59c2e59e83d1229",
          "version": "0.4.3"
        }
      },
      {
        "package": "SwiftyTextTable",
        "repositoryURL": "https://github.com/scottrhoyt/SwiftyTextTable.git",
        "state": {
          "branch": null,
          "revision": "c6df6cf533d120716bff38f8ff9885e1ce2a4ac3",
          "version": "0.9.0"
        }
      }
    ]
  },
  "version": 1
}
